
Microsoft Visual Studio Solution File, Format Version 11.00
# Visual Studio 2010
Project("{FAE04EC0-301F-11D3-BF4B-00C04F79EFBC}") = "PhotoGallery.Web", "PhotoGallery.Web\PhotoGallery.Web.csproj", "{E25966ED-165F-4E75-96E7-8CC550D293C4}"
EndProject
Project("{FAE04EC0-301F-11D3-BF4B-00C04F79EFBC}") = "PhotoGallery.Core", "PhotoGallery.Core\PhotoGallery.Core.csproj", "{495D4F31-96A4-4E1E-B125-484D3E7EC373}"
EndProject
Global
	GlobalSection(SolutionConfigurationPlatforms) = preSolution
		Debug|Any CPU = Debug|Any CPU
		Release|Any CPU = Release|Any CPU
	EndGlobalSection
	GlobalSection(ProjectConfigurationPlatforms) = postSolution
		{E25966ED-165F-4E75-96E7-8CC550D293C4}.Debug|Any CPU.ActiveCfg = Debug|Any CPU
		{E25966ED-165F-4E75-96E7-8CC550D293C4}.Debug|Any CPU.Build.0 = Debug|Any CPU
		{E25966ED-165F-4E75-96E7-8CC550D293C4}.Release|Any CPU.ActiveCfg = Release|Any CPU
		{E25966ED-165F-4E75-96E7-8CC550D293C4}.Release|Any CPU.Build.0 = Release|Any CPU
		{495D4F31-96A4-4E1E-B125-484D3E7EC373}.Debug|Any CPU.ActiveCfg = Debug|Any CPU
		{495D4F31-96A4-4E1E-B125-484D3E7EC373}.Debug|Any CPU.Build.0 = Debug|Any CPU
		{495D4F31-96A4-4E1E-B125-484D3E7EC373}.Release|Any CPU.ActiveCfg = Release|Any CPU
		{495D4F31-96A4-4E1E-B125-484D3E7EC373}.Release|Any CPU.Build.0 = Release|Any CPU
	EndGlobalSection
	GlobalSection(SolutionProperties) = preSolution
		HideSolutionNode = FALSE
	EndGlobalSection
EndGlobal
